
Microsoft Visual Studio Solution File, Format Version 12.00
# Visual Studio Version 17
VisualStudioVersion = 17.9.34723.18
MinimumVisualStudioVersion = 10.0.40219.1
Project("{FAE04EC0-301F-11D3-BF4B-00C04F79EFBC}") = "HukutaiaExplorer", "HukutaiaExplorer\HukutaiaExplorer.csproj", "{B9B0764E-B9E9-48EB-B31B-6D7A777B3112}"
EndProject
Global
	GlobalSection(SolutionConfigurationPlatforms) = preSolution
		Debug|Any CPU = Debug|Any CPU
		Release|Any CPU = Release|Any CPU
	EndGlobalSection
	GlobalSection(ProjectConfigurationPlatforms) = postSolution
		{B9B0764E-B9E9-48EB-B31B-6D7A777B3112}.Debug|Any CPU.ActiveCfg = Debug|Any CPU
		{B9B0764E-B9E9-48EB-B31B-6D7A777B3112}.Debug|Any CPU.Build.0 = Debug|Any CPU
		{B9B0764E-B9E9-48EB-B31B-6D7A777B3112}.Debug|Any CPU.Deploy.0 = Debug|Any CPU
		{B9B0764E-B9E9-48EB-B31B-6D7A777B3112}.Release|Any CPU.ActiveCfg = Release|Any CPU
		{B9B0764E-B9E9-48EB-B31B-6D7A777B3112}.Release|Any CPU.Build.0 = Release|Any CPU
		{B9B0764E-B9E9-48EB-B31B-6D7A777B3112}.Release|Any CPU.Deploy.0 = Release|Any CPU
	EndGlobalSection
	GlobalSection(SolutionProperties) = preSolution
		HideSolutionNode = FALSE
	EndGlobalSection
	GlobalSection(ExtensibilityGlobals) = postSolution
		SolutionGuid = {141FCAAC-BA19-4166-BBD3-525B9A74AB9E}
	EndGlobalSection
EndGlobal
